
Microsoft Visual Studio Solution File, Format Version 12.00
# Visual Studio Version 17
VisualStudioVersion = 17.10.34916.146
MinimumVisualStudioVersion = 10.0.40219.1
Project("{FAE04EC0-301F-11D3-BF4B-00C04F79EFBC}") = "MiniGameWizard", "MiniGameWizard.csproj", "{FBFD2AD5-ACA9-47A3-852F-7BAC9A10680B}"
EndProject
Global
	GlobalSection(SolutionConfigurationPlatforms) = preSolution
		Debug|Any CPU = Debug|Any CPU
		Release|Any CPU = Release|Any CPU
	EndGlobalSection
	GlobalSection(ProjectConfigurationPlatforms) = postSolution
		{FBFD2AD5-ACA9-47A3-852F-7BAC9A10680B}.Debug|Any CPU.ActiveCfg = Debug|Any CPU
		{FBFD2AD5-ACA9-47A3-852F-7BAC9A10680B}.Debug|Any CPU.Build.0 = Debug|Any CPU
		{FBFD2AD5-ACA9-47A3-852F-7BAC9A10680B}.Release|Any CPU.ActiveCfg = Release|Any CPU
		{FBFD2AD5-ACA9-47A3-852F-7BAC9A10680B}.Release|Any CPU.Build.0 = Release|Any CPU
	EndGlobalSection
	GlobalSection(SolutionProperties) = preSolution
		HideSolutionNode = FALSE
	EndGlobalSection
	GlobalSection(ExtensibilityGlobals) = postSolution
		SolutionGuid = {62758BE3-8C58-4B8B-921B-C2BD9AD80069}
	EndGlobalSection
EndGlobal
